
Microsoft Visual Studio Solution File, Format Version 12.00
# Visual Studio Version 16
VisualStudioVersion = 16.0.30320.27
MinimumVisualStudioVersion = 10.0.40219.1
Project("{9A19103F-16F7-4668-BE54-9A1E7A4F7556}") = "BingMap", "BingMap\BingMap.csproj", "{D026E318-FF9C-4005-8118-97AE399514F9}"
EndProject
Project("{FAE04EC0-301F-11D3-BF4B-00C04F79EFBC}") = "Examples.UWP", "Examples\Examples.UWP\Examples.UWP.csproj", "{ADE33352-AC1C-4412-85C0-991619CB786A}"
EndProject
Project("{FAE04EC0-301F-11D3-BF4B-00C04F79EFBC}") = "Examples.Android", "Examples\Examples.Android\Examples.Android.csproj", "{577161AC-4A05-402A-BB67-003CF5242102}"
EndProject
Project("{FAE04EC0-301F-11D3-BF4B-00C04F79EFBC}") = "Examples.iOS", "Examples\Examples.iOS\Examples.iOS.csproj", "{9D62762F-5E39-4FCB-BB49-8D86B3A5979D}"
EndProject
Project("{9A19103F-16F7-4668-BE54-9A1E7A4F7556}") = "Examples", "Examples\Examples\Examples.csproj", "{65146373-E40A-4C73-9342-138883EC0107}"
EndProject
Global
	GlobalSection(SolutionConfigurationPlatforms) = preSolution
		Debug|Any CPU = Debug|Any CPU
		Debug|ARM = Debug|ARM
		Debug|iPhone = Debug|iPhone
		Debug|iPhoneSimulator = Debug|iPhoneSimulator
		Debug|x64 = Debug|x64
		Debug|x86 = Debug|x86
		Release|Any CPU = Release|Any CPU
		Release|ARM = Release|ARM
		Release|iPhone = Release|iPhone
		Release|iPhoneSimulator = Release|iPhoneSimulator
		Release|x64 = Release|x64
		Release|x86 = Release|x86
	EndGlobalSection
	GlobalSection(ProjectConfigurationPlatforms) = postSolution
		{D026E318-FF9C-4005-8118-97AE399514F9}.Debug|Any CPU.ActiveCfg = Debug|Any CPU
		{D026E318-FF9C-4005-8118-97AE399514F9}.Debug|Any CPU.Build.0 = Debug|Any CPU
		{D026E318-FF9C-4005-8118-97AE399514F9}.Debug|ARM.ActiveCfg = Debug|Any CPU
		{D026E318-FF9C-4005-8118-97AE399514F9}.Debug|ARM.Build.0 = Debug|Any CPU
		{D026E318-FF9C-4005-8118-97AE399514F9}.Debug|iPhone.ActiveCfg = Debug|Any CPU
		{D026E318-FF9C-4005-8118-97AE399514F9}.Debug|iPhone.Build.0 = Debug|Any CPU
		{D026E318-FF9C-4005-8118-97AE399514F9}.Debug|iPhoneSimulator.ActiveCfg = Debug|Any CPU
		{D026E318-FF9C-4005-8118-97AE399514F9}.Debug|iPhoneSimulator.Build.0 = Debug|Any CPU
		{D026E318-FF9C-4005-8118-97AE399514F9}.Debug|x64.ActiveCfg = Debug|Any CPU
		{D026E318-FF9C-4005-8118-97AE399514F9}.Debug|x64.Build.0 = Debug|Any CPU
		{D026E318-FF9C-4005-8118-97AE399514F9}.Debug|x86.ActiveCfg = Debug|Any CPU
		{D026E318-FF9C-4005-8118-97AE399514F9}.Debug|x86.Build.0 = Debug|Any CPU
		{D026E318-FF9C-4005-8118-97AE399514F9}.Release|Any CPU.ActiveCfg = Release|Any CPU
		{D026E318-FF9C-4005-8118-97AE399514F9}.Release|Any CPU.Build.0 = Release|Any CPU
		{D026E318-FF9C-4005-8118-97AE399514F9}.Release|ARM.ActiveCfg = Release|Any CPU
		{D026E318-FF9C-4005-8118-97AE399514F9}.Release|ARM.Build.0 = Release|Any CPU
		{D026E318-FF9C-4005-8118-97AE399514F9}.Release|iPhone.ActiveCfg = Release|Any CPU
		{D026E318-FF9C-4005-8118-97AE399514F9}.Release|iPhone.Build.0 = Release|Any CPU
		{D026E318-FF9C-4005-8118-97AE399514F9}.Release|iPhoneSimulator.ActiveCfg = Release|Any CPU
		{D026E318-FF9C-4005-8118-97AE399514F9}.Release|iPhoneSimulator.Build.0 = Release|Any CPU
		{D026E318-FF9C-4005-8118-97AE399514F9}.Release|x64.ActiveCfg = Release|Any CPU
		{D026E318-FF9C-4005-8118-97AE399514F9}.Release|x64.Build.0 = Release|Any CPU
		{D026E318-FF9C-4005-8118-97AE399514F9}.Release|x86.ActiveCfg = Release|Any CPU
		{D026E318-FF9C-4005-8118-97AE399514F9}.Release|x86.Build.0 = Release|Any CPU
		{ADE33352-AC1C-4412-85C0-991619CB786A}.Debug|Any CPU.ActiveCfg = Debug|x86
		{ADE33352-AC1C-4412-85C0-991619CB786A}.Debug|Any CPU.Build.0 = Debug|x86
		{ADE33352-AC1C-4412-85C0-991619CB786A}.Debug|Any CPU.Deploy.0 = Debug|x86
		{ADE33352-AC1C-4412-85C0-991619CB786A}.Debug|ARM.ActiveCfg = Debug|ARM
		{ADE33352-AC1C-4412-85C0-991619CB786A}.Debug|ARM.Build.0 = Debug|ARM
		{ADE33352-AC1C-4412-85C0-991619CB786A}.Debug|ARM.Deploy.0 = Debug|ARM
		{ADE33352-AC1C-4412-85C0-991619CB786A}.Debug|iPhone.ActiveCfg = Debug|x86
		{ADE33352-AC1C-4412-85C0-991619CB786A}.Debug|iPhoneSimulator.ActiveCfg = Debug|x86
		{ADE33352-AC1C-4412-85C0-991619CB786A}.Debug|iPhoneSimulator.Build.0 = Debug|x86
		{ADE33352-AC1C-4412-85C0-991619CB786A}.Debug|iPhoneSimulator.Deploy.0 = Debug|x86
		{ADE33352-AC1C-4412-85C0-991619CB786A}.Debug|x64.ActiveCfg = Debug|x64
		{ADE33352-AC1C-4412-85C0-991619CB786A}.Debug|x64.Build.0 = Debug|x64
		{ADE33352-AC1C-4412-85C0-991619CB786A}.Debug|x64.Deploy.0 = Debug|x64
		{ADE33352-AC1C-4412-85C0-991619CB786A}.Debug|x86.ActiveCfg = Debug|x86
		{ADE33352-AC1C-4412-85C0-991619CB786A}.Debug|x86.Build.0 = Debug|x86
		{ADE33352-AC1C-4412-85C0-991619CB786A}.Debug|x86.Deploy.0 = Debug|x86
		{ADE33352-AC1C-4412-85C0-991619CB786A}.Release|Any CPU.ActiveCfg = Release|x86
		{ADE33352-AC1C-4412-85C0-991619CB786A}.Release|ARM.ActiveCfg = Release|ARM
		{ADE33352-AC1C-4412-85C0-991619CB786A}.Release|ARM.Build.0 = Release|ARM
		{ADE33352-AC1C-4412-85C0-991619CB786A}.Release|ARM.Deploy.0 = Release|ARM
		{ADE33352-AC1C-4412-85C0-991619CB786A}.Release|iPhone.ActiveCfg = Release|x86
		{ADE33352-AC1C-4412-85C0-991619CB786A}.Release|iPhoneSimulator.ActiveCfg = Release|x86
		{ADE33352-AC1C-4412-85C0-991619CB786A}.Release|x64.ActiveCfg = Release|x64
		{ADE33352-AC1C-4412-85C0-991619CB786A}.Release|x64.Build.0 = Release|x64
		{ADE33352-AC1C-4412-85C0-991619CB786A}.Release|x64.Deploy.0 = Release|x64
		{ADE33352-AC1C-4412-85C0-991619CB786A}.Release|x86.ActiveCfg = Release|x86
		{ADE33352-AC1C-4412-85C0-991619CB786A}.Release|x86.Build.0 = Release|x86
		{ADE33352-AC1C-4412-85C0-991619CB786A}.Release|x86.Deploy.0 = Release|x86
		{577161AC-4A05-402A-BB67-003CF5242102}.Debug|Any CPU.ActiveCfg = Debug|Any CPU
		{577161AC-4A05-402A-BB67-003CF5242102}.Debug|Any CPU.Build.0 = Debug|Any CPU
		{577161AC-4A05-402A-BB67-003CF5242102}.Debug|Any CPU.Deploy.0 = Debug|Any CPU
		{577161AC-4A05-402A-BB67-003CF5242102}.Debug|ARM.ActiveCfg = Debug|Any CPU
		{577161AC-4A05-402A-BB67-003CF5242102}.Debug|ARM.Build.0 = Debug|Any CPU
		{577161AC-4A05-402A-BB67-003CF5242102}.Debug|ARM.Deploy.0 = Debug|Any CPU
		{577161AC-4A05-402A-BB67-003CF5242102}.Debug|iPhone.ActiveCfg = Debug|Any CPU
		{577161AC-4A05-402A-BB67-003CF5242102}.Debug|iPhone.Build.0 = Debug|Any CPU
		{577161AC-4A05-402A-BB67-003CF5242102}.Debug|iPhone.Deploy.0 = Debug|Any CPU
		{577161AC-4A05-402A-BB67-003CF5242102}.Debug|iPhoneSimulator.ActiveCfg = Debug|Any CPU
		{577161AC-4A05-402A-BB67-003CF5242102}.Debug|iPhoneSimulator.Build.0 = Debug|Any CPU
		{577161AC-4A05-402A-BB67-003CF5242102}.Debug|iPhoneSimulator.Deploy.0 = Debug|Any CPU
		{577161AC-4A05-402A-BB67-003CF5242102}.Debug|x64.ActiveCfg = Debug|Any CPU
		{577161AC-4A05-402A-BB67-003CF5242102}.Debug|x64.Build.0 = Debug|Any CPU
		{577161AC-4A05-402A-BB67-003CF5242102}.Debug|x64.Deploy.0 = Debug|Any CPU
		{577161AC-4A05-402A-BB67-003CF5242102}.Debug|x86.ActiveCfg = Debug|Any CPU
		{577161AC-4A05-402A-BB67-003CF5242102}.Debug|x86.Build.0 = Debug|Any CPU
		{577161AC-4A05-402A-BB67-003CF5242102}.Debug|x86.Deploy.0 = Debug|Any CPU
		{577161AC-4A05-402A-BB67-003CF5242102}.Release|Any CPU.ActiveCfg = Release|Any CPU
		{577161AC-4A05-402A-BB67-003CF5242102}.Release|Any CPU.Build.0 = Release|Any CPU
		{577161AC-4A05-402A-BB67-003CF5242102}.Release|Any CPU.Deploy.0 = Release|Any CPU
		{577161AC-4A05-402A-BB67-003CF5242102}.Release|ARM.ActiveCfg = Release|Any CPU
		{577161AC-4A05-402A-BB67-003CF5242102}.Release|ARM.Build.0 = Release|Any CPU
		{577161AC-4A05-402A-BB67-003CF5242102}.Release|ARM.Deploy.0 = Release|Any CPU
		{577161AC-4A05-402A-BB67-003CF5242102}.Release|iPhone.ActiveCfg = Release|Any CPU
		{577161AC-4A05-402A-BB67-003CF5242102}.Release|iPhone.Build.0 = Release|Any CPU
		{577161AC-4A05-402A-BB67-003CF5242102}.Release|iPhone.Deploy.0 = Release|Any CPU
		{577161AC-4A05-402A-BB67-003CF5242102}.Release|iPhoneSimulator.ActiveCfg = Release|Any CPU
		{577161AC-4A05-402A-BB67-003CF5242102}.Release|iPhoneSimulator.Build.0 = Release|Any CPU
		{577161AC-4A05-402A-BB67-003CF5242102}.Release|iPhoneSimulator.Deploy.0 = Release|Any CPU
		{577161AC-4A05-402A-BB67-003CF5242102}.Release|x64.ActiveCfg = Release|Any CPU
		{577161AC-4A05-402A-BB67-003CF5242102}.Release|x64.Build.0 = Release|Any CPU
		{577161AC-4A05-402A-BB67-003CF5242102}.Release|x64.Deploy.0 = Release|Any CPU
		{577161AC-4A05-402A-BB67-003CF5242102}.Release|x86.ActiveCfg = Release|Any CPU
		{577161AC-4A05-402A-BB67-003CF5242102}.Release|x86.Build.0 = Release|Any CPU
		{577161AC-4A05-402A-BB67-003CF5242102}.Release|x86.Deploy.0 = Release|Any CPU
		{9D62762F-5E39-4FCB-BB49-8D86B3A5979D}.Debug|Any CPU.ActiveCfg = Debug|iPhoneSimulator
		{9D62762F-5E39-4FCB-BB49-8D86B3A5979D}.Debug|ARM.ActiveCfg = Debug|iPhoneSimulator
		{9D62762F-5E39-4FCB-BB49-8D86B3A5979D}.Debug|iPhone.ActiveCfg = Debug|iPhone
		{9D62762F-5E39-4FCB-BB49-8D86B3A5979D}.Debug|iPhone.Build.0 = Debug|iPhone
		{9D62762F-5E39-4FCB-BB49-8D86B3A5979D}.Debug|iPhoneSimulator.ActiveCfg = Debug|iPhoneSimulator
		{9D62762F-5E39-4FCB-BB49-8D86B3A5979D}.Debug|iPhoneSimulator.Build.0 = Debug|iPhoneSimulator
		{9D62762F-5E39-4FCB-BB49-8D86B3A5979D}.Debug|x64.ActiveCfg = Debug|iPhoneSimulator
		{9D62762F-5E39-4FCB-BB49-8D86B3A5979D}.Debug|x86.ActiveCfg = Debug|iPhoneSimulator
		{9D62762F-5E39-4FCB-BB49-8D86B3A5979D}.Release|Any CPU.ActiveCfg = Release|iPhoneSimulator
		{9D62762F-5E39-4FCB-BB49-8D86B3A5979D}.Release|ARM.ActiveCfg = Release|iPhoneSimulator
		{9D62762F-5E39-4FCB-BB49-8D86B3A5979D}.Release|iPhone.ActiveCfg = Release|iPhone
		{9D62762F-5E39-4FCB-BB49-8D86B3A5979D}.Release|iPhone.Build.0 = Release|iPhone
		{9D62762F-5E39-4FCB-BB49-8D86B3A5979D}.Release|iPhoneSimulator.ActiveCfg = Release|iPhoneSimulator
		{9D62762F-5E39-4FCB-BB49-8D86B3A5979D}.Release|iPhoneSimulator.Build.0 = Release|iPhoneSimulator
		{9D62762F-5E39-4FCB-BB49-8D86B3A5979D}.Release|x64.ActiveCfg = Release|iPhoneSimulator
		{9D62762F-5E39-4FCB-BB49-8D86B3A5979D}.Release|x86.ActiveCfg = Release|iPhoneSimulator
		{65146373-E40A-4C73-9342-138883EC0107}.Debug|Any CPU.ActiveCfg = Debug|Any CPU
		{65146373-E40A-4C73-9342-138883EC0107}.Debug|Any CPU.Build.0 = Debug|Any CPU
		{65146373-E40A-4C73-9342-138883EC0107}.Debug|ARM.ActiveCfg = Debug|Any CPU
		{65146373-E40A-4C73-9342-138883EC0107}.Debug|ARM.Build.0 = Debug|Any CPU
		{65146373-E40A-4C73-9342-138883EC0107}.Debug|iPhone.ActiveCfg = Debug|Any CPU
		{65146373-E40A-4C73-9342-138883EC0107}.Debug|iPhone.Build.0 = Debug|Any CPU
		{65146373-E40A-4C73-9342-138883EC0107}.Debug|iPhoneSimulator.ActiveCfg = Debug|Any CPU
		{65146373-E40A-4C73-9342-138883EC0107}.Debug|iPhoneSimulator.Build.0 = Debug|Any CPU
		{65146373-E40A-4C73-9342-138883EC0107}.Debug|x64.ActiveCfg = Debug|Any CPU
		{65146373-E40A-4C73-9342-138883EC0107}.Debug|x64.Build.0 = Debug|Any CPU
		{65146373-E40A-4C73-9342-138883EC0107}.Debug|x86.ActiveCfg = Debug|Any CPU
		{65146373-E40A-4C73-9342-138883EC0107}.Debug|x86.Build.0 = Debug|Any CPU
		{65146373-E40A-4C73-9342-138883EC0107}.Release|Any CPU.ActiveCfg = Release|Any CPU
		{65146373-E40A-4C73-9342-138883EC0107}.Release|Any CPU.Build.0 = Release|Any CPU
		{65146373-E40A-4C73-9342-138883EC0107}.Release|ARM.ActiveCfg = Release|Any CPU
		{65146373-E40A-4C73-9342-138883EC0107}.Release|ARM.Build.0 = Release|Any CPU
		{65146373-E40A-4C73-9342-138883EC0107}.Release|iPhone.ActiveCfg = Release|Any CPU
		{65146373-E40A-4C73-9342-138883EC0107}.Release|iPhone.Build.0 = Release|Any CPU
		{65146373-E40A-4C73-9342-138883EC0107}.Release|iPhoneSimulator.ActiveCfg = Release|Any CPU
		{65146373-E40A-4C73-9342-138883EC0107}.Release|iPhoneSimulator.Build.0 = Release|Any CPU
		{65146373-E40A-4C73-9342-138883EC0107}.Release|x64.ActiveCfg = Release|Any CPU
		{65146373-E40A-4C73-9342-138883EC0107}.Release|x64.Build.0 = Release|Any CPU
		{65146373-E40A-4C73-9342-138883EC0107}.Release|x86.ActiveCfg = Release|Any CPU
		{65146373-E40A-4C73-9342-138883EC0107}.Release|x86.Build.0 = Release|Any CPU
	EndGlobalSection
	GlobalSection(SolutionProperties) = preSolution
		HideSolutionNode = FALSE
	EndGlobalSection
	GlobalSection(ExtensibilityGlobals) = postSolution
		SolutionGuid = {0216C9D5-63F0-4F5E-B101-85496700A70E}
	EndGlobalSection
EndGlobal
